// !$*UTF8*$!
{
	archiveVersion = 1;
	classes = {
	};
	objectVersion = 55;
	objects = {

/* Begin PBXBuildFile section */
		158BCABE98389DBEAB750EBD /* Pods_FirebaseAuthentication.framework in Frameworks */ = {isa = PBXBuildFile; fileRef = 31B5ED722AA469FAF4C6C028 /* Pods_FirebaseAuthentication.framework */; };
		5257C2F727E7093500701C47 /* FirebaseAuthenticationApp.swift in Sources */ = {isa = PBXBuildFile; fileRef = 5257C2F627E7093500701C47 /* FirebaseAuthenticationApp.swift */; };
		5257C2F927E7093500701C47 /* ContentView.swift in Sources */ = {isa = PBXBuildFile; fileRef = 5257C2F827E7093500701C47 /* ContentView.swift */; };
		5257C2FB27E7093700701C47 /* Assets.xcassets in Resources */ = {isa = PBXBuildFile; fileRef = 5257C2FA27E7093700701C47 /* Assets.xcassets */; };
		5257C2FE27E7093700701C47 /* Preview Assets.xcassets in Resources */ = {isa = PBXBuildFile; fileRef = 5257C2FD27E7093700701C47 /* Preview Assets.xcassets */; };
		5257C30827E7093700701C47 /* FirebaseAuthenticationTests.swift in Sources */ = {isa = PBXBuildFile; fileRef = 5257C30727E7093700701C47 /* FirebaseAuthenticationTests.swift */; };
		5257C31227E7093700701C47 /* FirebaseAuthenticationUITests.swift in Sources */ = {isa = PBXBuildFile; fileRef = 5257C31127E7093700701C47 /* FirebaseAuthenticationUITests.swift */; };
		5257C31427E7093700701C47 /* FirebaseAuthenticationUITestsLaunchTests.swift in Sources */ = {isa = PBXBuildFile; fileRef = 5257C31327E7093700701C47 /* FirebaseAuthenticationUITestsLaunchTests.swift */; };
		93713DC1B16ABB9DBB548276 /* Pods_FirebaseAuthenticationTests.framework in Frameworks */ = {isa = PBXBuildFile; fileRef = 519CD4FA496988D255EA4CCC /* Pods_FirebaseAuthenticationTests.framework */; };
		D0EE0C611BBF4B4703121032 /* Pods_FirebaseAuthentication_FirebaseAuthenticationUITests.framework in Frameworks */ = {isa = PBXBuildFile; fileRef = 327A9893770E732C0EB1429B /* Pods_FirebaseAuthentication_FirebaseAuthenticationUITests.framework */; };
/* End PBXBuildFile section */

/* Begin PBXContainerItemProxy section */
		5257C30427E7093700701C47 /* PBXContainerItemProxy */ = {
			isa = PBXContainerItemProxy;
			containerPortal = 5257C2EB27E7093500701C47 /* Project object */;
			proxyType = 1;
			remoteGlobalIDString = 5257C2F227E7093500701C47;
			remoteInfo = FirebaseAuthentication;
		};
		5257C30E27E7093700701C47 /* PBXContainerItemProxy */ = {
			isa = PBXContainerItemProxy;
			containerPortal = 5257C2EB27E7093500701C47 /* Project object */;
			proxyType = 1;
			remoteGlobalIDString = 5257C2F227E7093500701C47;
			remoteInfo = FirebaseAuthentication;
		};
/* End PBXContainerItemProxy section */

/* Begin PBXFileReference section */
		223EADFFC0C12B08F8D2549B /* Pods-FirebaseAuthentication.release.xcconfig */ = {isa = PBXFileReference; includeInIndex = 1; lastKnownFileType = text.xcconfig; name = "Pods-FirebaseAuthentication.release.xcconfig"; path = "Target Support Files/Pods-FirebaseAuthentication/Pods-FirebaseAuthentication.release.xcconfig"; sourceTree = "<group>"; };
		2A58D048E654B72D9D1CBAB1 /* Pods-FirebaseAuthentication.debug.xcconfig */ = {isa = PBXFileReference; includeInIndex = 1; lastKnownFileType = text.xcconfig; name = "Pods-FirebaseAuthentication.debug.xcconfig"; path = "Target Support Files/Pods-FirebaseAuthentication/Pods-FirebaseAuthentication.debug.xcconfig"; sourceTree = "<group>"; };
		31B5ED722AA469FAF4C6C028 /* Pods_FirebaseAuthentication.framework */ = {isa = PBXFileReference; explicitFileType = wrapper.framework; includeInIndex = 0; path = Pods_FirebaseAuthentication.framework; sourceTree = BUILT_PRODUCTS_DIR; };
		327A9893770E732C0EB1429B /* Pods_FirebaseAuthentication_FirebaseAuthenticationUITests.framework */ = {isa = PBXFileReference; explicitFileType = wrapper.framework; includeInIndex = 0; path = Pods_FirebaseAuthentication_FirebaseAuthenticationUITests.framework; sourceTree = BUILT_PRODUCTS_DIR; };
		43B4B73B42C4B7EE6CE3BFFD /* Pods-FirebaseAuthenticationTests.release.xcconfig */ = {isa = PBXFileReference; includeInIndex = 1; lastKnownFileType = text.xcconfig; name = "Pods-FirebaseAuthenticationTests.release.xcconfig"; path = "Target Support Files/Pods-FirebaseAuthenticationTests/Pods-FirebaseAuthenticationTests.release.xcconfig"; sourceTree = "<group>"; };
		519CD4FA496988D255EA4CCC /* Pods_FirebaseAuthenticationTests.framework */ = {isa = PBXFileReference; explicitFileType = wrapper.framework; includeInIndex = 0; path = Pods_FirebaseAuthenticationTests.framework; sourceTree = BUILT_PRODUCTS_DIR; };
		5257C2F327E7093500701C47 /* FirebaseAuthentication.app */ = {isa = PBXFileReference; explicitFileType = wrapper.application; includeInIndex = 0; path = FirebaseAuthentication.app; sourceTree = BUILT_PRODUCTS_DIR; };
		5257C2F627E7093500701C47 /* FirebaseAuthenticationApp.swift */ = {isa = PBXFileReference; lastKnownFileType = sourcecode.swift; path = FirebaseAuthenticationApp.swift; sourceTree = "<group>"; };
		5257C2F827E7093500701C47 /* ContentView.swift */ = {isa = PBXFileReference; lastKnownFileType = sourcecode.swift; path = ContentView.swift; sourceTree = "<group>"; };
		5257C2FA27E7093700701C47 /* Assets.xcassets */ = {isa = PBXFileReference; lastKnownFileType = folder.assetcatalog; path = Assets.xcassets; sourceTree = "<group>"; };
		5257C2FD27E7093700701C47 /* Preview Assets.xcassets */ = {isa = PBXFileReference; lastKnownFileType = folder.assetcatalog; path = "Preview Assets.xcassets"; sourceTree = "<group>"; };
		5257C30327E7093700701C47 /* FirebaseAuthenticationTests.xctest */ = {isa = PBXFileReference; explicitFileType = wrapper.cfbundle; includeInIndex = 0; path = FirebaseAuthenticationTests.xctest; sourceTree = BUILT_PRODUCTS_DIR; };
		5257C30727E7093700701C47 /* FirebaseAuthenticationTests.swift */ = {isa = PBXFileReference; lastKnownFileType = sourcecode.swift; path = FirebaseAuthenticationTests.swift; sourceTree = "<group>"; };
		5257C30D27E7093700701C47 /* FirebaseAuthenticationUITests.xctest */ = {isa = PBXFileReference; explicitFileType = wrapper.cfbundle; includeInIndex = 0; path = FirebaseAuthenticationUITests.xctest; sourceTree = BUILT_PRODUCTS_DIR; };
		5257C31127E7093700701C47 /* FirebaseAuthenticationUITests.swift */ = {isa = PBXFileReference; lastKnownFileType = sourcecode.swift; path = FirebaseAuthenticationUITests.swift; sourceTree = "<group>"; };
		5257C31327E7093700701C47 /* FirebaseAuthenticationUITestsLaunchTests.swift */ = {isa = PBXFileReference; lastKnownFileType = sourcecode.swift; path = FirebaseAuthenticationUITestsLaunchTests.swift; sourceTree = "<group>"; };
		A203E36A4BB5965AA9C13463 /* Pods-FirebaseAuthenticationTests.debug.xcconfig */ = {isa = PBXFileReference; includeInIndex = 1; lastKnownFileType = text.xcconfig; name = "Pods-FirebaseAuthenticationTests.debug.xcconfig"; path = "Target Support Files/Pods-FirebaseAuthenticationTests/Pods-FirebaseAuthenticationTests.debug.xcconfig"; sourceTree = "<group>"; };
		E044B44551DB58D918D8F76A /* Pods-FirebaseAuthentication-FirebaseAuthenticationUITests.release.xcconfig */ = {isa = PBXFileReference; includeInIndex = 1; lastKnownFileType = text.xcconfig; name = "Pods-FirebaseAuthentication-FirebaseAuthenticationUITests.release.xcconfig"; path = "Target Support Files/Pods-FirebaseAuthentication-FirebaseAuthenticationUITests/Pods-FirebaseAuthentication-FirebaseAuthenticationUITests.release.xcconfig"; sourceTree = "<group>"; };
		EFC7BD5037751568BA595981 /* Pods-FirebaseAuthentication-FirebaseAuthenticationUITests.debug.xcconfig */ = {isa = PBXFileReference; includeInIndex = 1; lastKnownFileType = text.xcconfig; name = "Pods-FirebaseAuthentication-FirebaseAuthenticationUITests.debug.xcconfig"; path = "Target Support Files/Pods-FirebaseAuthentication-FirebaseAuthenticationUITests/Pods-FirebaseAuthentication-FirebaseAuthenticationUITests.debug.xcconfig"; sourceTree = "<group>"; };
/* End PBXFileReference section */

/* Begin PBXFrameworksBuildPhase section */
		5257C2F027E7093500701C47 /* Frameworks */ = {
			isa = PBXFrameworksBuildPhase;
			buildActionMask = 2147483647;
			files = (
				158BCABE98389DBEAB750EBD /* Pods_FirebaseAuthentication.framework in Frameworks */,
			);
			runOnlyForDeploymentPostprocessing = 0;
		};
		5257C30027E7093700701C47 /* Frameworks */ = {
			isa = PBXFrameworksBuildPhase;
			buildActionMask = 2147483647;
			files = (
				93713DC1B16ABB9DBB548276 /* Pods_FirebaseAuthenticationTests.framework in Frameworks */,
			);
			runOnlyForDeploymentPostprocessing = 0;
		};
		5257C30A27E7093700701C47 /* Frameworks */ = {
			isa = PBXFrameworksBuildPhase;
			buildActionMask = 2147483647;
			files = (
				D0EE0C611BBF4B4703121032 /* Pods_FirebaseAuthentication_FirebaseAuthenticationUITests.framework in Frameworks */,
			);
			runOnlyForDeploymentPostprocessing = 0;
		};
/* End PBXFrameworksBuildPhase section */

/* Begin PBXGroup section */
		5257C2EA27E7093500701C47 = {
			isa = PBXGroup;
			children = (
				5257C2F527E7093500701C47 /* FirebaseAuthentication */,
				5257C30627E7093700701C47 /* FirebaseAuthenticationTests */,
				5257C31027E7093700701C47 /* FirebaseAuthenticationUITests */,
				5257C2F427E7093500701C47 /* Products */,
				DD2F917276A418FC95CAC004 /* Pods */,
				566633B4952651CA5ACE94B8 /* Frameworks */,
			);
			sourceTree = "<group>";
		};
		5257C2F427E7093500701C47 /* Products */ = {
			isa = PBXGroup;
			children = (
				5257C2F327E7093500701C47 /* FirebaseAuthentication.app */,
				5257C30327E7093700701C47 /* FirebaseAuthenticationTests.xctest */,
				5257C30D27E7093700701C47 /* FirebaseAuthenticationUITests.xctest */,
			);
			name = Products;
			sourceTree = "<group>";
		};
		5257C2F527E7093500701C47 /* FirebaseAuthentication */ = {
			isa = PBXGroup;
			children = (
				5257C2F627E7093500701C47 /* FirebaseAuthenticationApp.swift */,
				5257C2F827E7093500701C47 /* ContentView.swift */,
				5257C2FA27E7093700701C47 /* Assets.xcassets */,
				5257C2FC27E7093700701C47 /* Preview Content */,
			);
			path = FirebaseAuthentication;
			sourceTree = "<group>";
		};
		5257C2FC27E7093700701C47 /* Preview Content */ = {
			isa = PBXGroup;
			children = (
				5257C2FD27E7093700701C47 /* Preview Assets.xcassets */,
			);
			path = "Preview Content";
			sourceTree = "<group>";
		};
		5257C30627E7093700701C47 /* FirebaseAuthenticationTests */ = {
			isa = PBXGroup;
			children = (
				5257C30727E7093700701C47 /* FirebaseAuthenticationTests.swift */,
			);
			path = FirebaseAuthenticationTests;
			sourceTree = "<group>";
		};
		5257C31027E7093700701C47 /* FirebaseAuthenticationUITests */ = {
			isa = PBXGroup;
			children = (
				5257C31127E7093700701C47 /* FirebaseAuthenticationUITests.swift */,
				5257C31327E7093700701C47 /* FirebaseAuthenticationUITestsLaunchTests.swift */,
			);
			path = FirebaseAuthenticationUITests;
			sourceTree = "<group>";
		};
		566633B4952651CA5ACE94B8 /* Frameworks */ = {
			isa = PBXGroup;
			children = (
				31B5ED722AA469FAF4C6C028 /* Pods_FirebaseAuthentication.framework */,
				327A9893770E732C0EB1429B /* Pods_FirebaseAuthentication_FirebaseAuthenticationUITests.framework */,
				519CD4FA496988D255EA4CCC /* Pods_FirebaseAuthenticationTests.framework */,
			);
			name = Frameworks;
			sourceTree = "<group>";
		};
		DD2F917276A418FC95CAC004 /* Pods */ = {
			isa = PBXGroup;
			children = (
				2A58D048E654B72D9D1CBAB1 /* Pods-FirebaseAuthentication.debug.xcconfig */,
				223EADFFC0C12B08F8D2549B /* Pods-FirebaseAuthentication.release.xcconfig */,
				EFC7BD5037751568BA595981 /* Pods-FirebaseAuthentication-FirebaseAuthenticationUITests.debug.xcconfig */,
				E044B44551DB58D918D8F76A /* Pods-FirebaseAuthentication-FirebaseAuthenticationUITests.release.xcconfig */,
				A203E36A4BB5965AA9C13463 /* Pods-FirebaseAuthenticationTests.debug.xcconfig */,
				43B4B73B42C4B7EE6CE3BFFD /* Pods-FirebaseAuthenticationTests.release.xcconfig */,
			);
			name = Pods;
			path = Pods;
			sourceTree = "<group>";
		};
/* End PBXGroup section */

/* Begin PBXNativeTarget section */
		5257C2F227E7093500701C47 /* FirebaseAuthentication */ = {
			isa = PBXNativeTarget;
			buildConfigurationList = 5257C31727E7093700701C47 /* Build configuration list for PBXNativeTarget "FirebaseAuthentication" */;
			buildPhases = (
				31118836514A778975B46161 /* [CP] Check Pods Manifest.lock */,
				5257C2EF27E7093500701C47 /* Sources */,
				5257C2F027E7093500701C47 /* Frameworks */,
				5257C2F127E7093500701C47 /* Resources */,
				3B84D7E4B97A053E618AE287 /* [CP] Embed Pods Frameworks */,
				CDB8B23569F8A8368163DD16 /* [CP] Copy Pods Resources */,
			);
			buildRules = (
			);
			dependencies = (
			);
			name = FirebaseAuthentication;
			productName = FirebaseAuthentication;
			productReference = 5257C2F327E7093500701C47 /* FirebaseAuthentication.app */;
			productType = "com.apple.product-type.application";
		};
		5257C30227E7093700701C47 /* FirebaseAuthenticationTests */ = {
			isa = PBXNativeTarget;
			buildConfigurationList = 5257C31A27E7093700701C47 /* Build configuration list for PBXNativeTarget "FirebaseAuthenticationTests" */;
			buildPhases = (
				4074BECD73D1515D447CB2B8 /* [CP] Check Pods Manifest.lock */,
				5257C2FF27E7093700701C47 /* Sources */,
				5257C30027E7093700701C47 /* Frameworks */,
				5257C30127E7093700701C47 /* Resources */,
			);
			buildRules = (
			);
			dependencies = (
				5257C30527E7093700701C47 /* PBXTargetDependency */,
			);
			name = FirebaseAuthenticationTests;
			productName = FirebaseAuthenticationTests;
			productReference = 5257C30327E7093700701C47 /* FirebaseAuthenticationTests.xctest */;
			productType = "com.apple.product-type.bundle.unit-test";
		};
		5257C30C27E7093700701C47 /* FirebaseAuthenticationUITests */ = {
			isa = PBXNativeTarget;
			buildConfigurationList = 5257C31D27E7093700701C47 /* Build configuration list for PBXNativeTarget "FirebaseAuthenticationUITests" */;
			buildPhases = (
				7E692B219055896CE319FF5E /* [CP] Check Pods Manifest.lock */,
				5257C30927E7093700701C47 /* Sources */,
				5257C30A27E7093700701C47 /* Frameworks */,
				5257C30B27E7093700701C47 /* Resources */,
				8A049EBFD361EF33FFFE8D48 /* [CP] Embed Pods Frameworks */,
				F3341FDABC172841016732F5 /* [CP] Copy Pods Resources */,
			);
			buildRules = (
			);
			dependencies = (
				5257C30F27E7093700701C47 /* PBXTargetDependency */,
			);
			name = FirebaseAuthenticationUITests;
			productName = FirebaseAuthenticationUITests;
			productReference = 5257C30D27E7093700701C47 /* FirebaseAuthenticationUITests.xctest */;
			productType = "com.apple.product-type.bundle.ui-testing";
		};
/* End PBXNativeTarget section */

/* Begin PBXProject section */
		5257C2EB27E7093500701C47 /* Project object */ = {
			isa = PBXProject;
			attributes = {
				BuildIndependentTargetsInParallel = 1;
				LastSwiftUpdateCheck = 1310;
				LastUpgradeCheck = 1310;
				TargetAttributes = {
					5257C2F227E7093500701C47 = {
						CreatedOnToolsVersion = 13.1;
					};
					5257C30227E7093700701C47 = {
						CreatedOnToolsVersion = 13.1;
						TestTargetID = 5257C2F227E7093500701C47;
					};
					5257C30C27E7093700701C47 = {
						CreatedOnToolsVersion = 13.1;
						TestTargetID = 5257C2F227E7093500701C47;
					};
				};
			};
			buildConfigurationList = 5257C2EE27E7093500701C47 /* Build configuration list for PBXProject "FirebaseAuthentication" */;
			compatibilityVersion = "Xcode 13.0";
			developmentRegion = en;
			hasScannedForEncodings = 0;
			knownRegions = (
				en,
				Base,
			);
			mainGroup = 5257C2EA27E7093500701C47;
			productRefGroup = 5257C2F427E7093500701C47 /* Products */;
			projectDirPath = "";
			projectRoot = "";
			targets = (
				5257C2F227E7093500701C47 /* FirebaseAuthentication */,
				5257C30227E7093700701C47 /* FirebaseAuthenticationTests */,
				5257C30C27E7093700701C47 /* FirebaseAuthenticationUITests */,
			);
		};
/* End PBXProject section */

/* Begin PBXResourcesBuildPhase section */
		5257C2F127E7093500701C47 /* Resources */ = {
			isa = PBXResourcesBuildPhase;
			buildActionMask = 2147483647;
			files = (
				5257C2FE27E7093700701C47 /* Preview Assets.xcassets in Resources */,
				5257C2FB27E7093700701C47 /* Assets.xcassets in Resources */,
			);
			runOnlyForDeploymentPostprocessing = 0;
		};
		5257C30127E7093700701C47 /* Resources */ = {
			isa = PBXResourcesBuildPhase;
			buildActionMask = 2147483647;
			files = (
			);
			runOnlyForDeploymentPostprocessing = 0;
		};
		5257C30B27E7093700701C47 /* Resources */ = {
			isa = PBXResourcesBuildPhase;
			buildActionMask = 2147483647;
			files = (
			);
			runOnlyForDeploymentPostprocessing = 0;
		};
/* End PBXResourcesBuildPhase section */

/* Begin PBXShellScriptBuildPhase section */
		31118836514A778975B46161 /* [CP] Check Pods Manifest.lock */ = {
			isa = PBXShellScriptBuildPhase;
			buildActionMask = 2147483647;
			files = (
			);
			inputFileListPaths = (
			);
			inputPaths = (
				"${PODS_PODFILE_DIR_PATH}/Podfile.lock",
				"${PODS_ROOT}/Manifest.lock",
			);
			name = "[CP] Check Pods Manifest.lock";
			outputFileListPaths = (
			);
			outputPaths = (
				"$(DERIVED_FILE_DIR)/Pods-FirebaseAuthentication-checkManifestLockResult.txt",
			);
			runOnlyForDeploymentPostprocessing = 0;
			shellPath = /bin/sh;
			shellScript = "diff \"${PODS_PODFILE_DIR_PATH}/Podfile.lock\" \"${PODS_ROOT}/Manifest.lock\" > /dev/null\nif [ $? != 0 ] ; then\n    # print error to STDERR\n    echo \"error: The sandbox is not in sync with the Podfile.lock. Run 'pod install' or update your CocoaPods installation.\" >&2\n    exit 1\nfi\n# This output is used by Xcode 'outputs' to avoid re-running this script phase.\necho \"SUCCESS\" > \"${SCRIPT_OUTPUT_FILE_0}\"\n";
			showEnvVarsInLog = 0;
		};
		3B84D7E4B97A053E618AE287 /* [CP] Embed Pods Frameworks */ = {
			isa = PBXShellScriptBuildPhase;
			buildActionMask = 2147483647;
			files = (
			);
			inputFileListPaths = (
				"${PODS_ROOT}/Target Support Files/Pods-FirebaseAuthentication/Pods-FirebaseAuthentication-frameworks-${CONFIGURATION}-input-files.xcfilelist",
			);
			name = "[CP] Embed Pods Frameworks";
			outputFileListPaths = (
				"${PODS_ROOT}/Target Support Files/Pods-FirebaseAuthentication/Pods-FirebaseAuthentication-frameworks-${CONFIGURATION}-output-files.xcfilelist",
			);
			runOnlyForDeploymentPostprocessing = 0;
			shellPath = /bin/sh;
			shellScript = "\"${PODS_ROOT}/Target Support Files/Pods-FirebaseAuthentication/Pods-FirebaseAuthentication-frameworks.sh\"\n";
			showEnvVarsInLog = 0;
		};
		4074BECD73D1515D447CB2B8 /* [CP] Check Pods Manifest.lock */ = {
			isa = PBXShellScriptBuildPhase;
			buildActionMask = 2147483647;
			files = (
			);
			inputFileListPaths = (
			);
			inputPaths = (
				"${PODS_PODFILE_DIR_PATH}/Podfile.lock",
				"${PODS_ROOT}/Manifest.lock",
			);
			name = "[CP] Check Pods Manifest.lock";
			outputFileListPaths = (
			);
			outputPaths = (
				"$(DERIVED_FILE_DIR)/Pods-FirebaseAuthenticationTests-checkManifestLockResult.txt",
			);
			runOnlyForDeploymentPostprocessing = 0;
			shellPath = /bin/sh;
			shellScript = "diff \"${PODS_PODFILE_DIR_PATH}/Podfile.lock\" \"${PODS_ROOT}/Manifest.lock\" > /dev/null\nif [ $? != 0 ] ; then\n    # print error to STDERR\n    echo \"error: The sandbox is not in sync with the Podfile.lock. Run 'pod install' or update your CocoaPods installation.\" >&2\n    exit 1\nfi\n# This output is used by Xcode 'outputs' to avoid re-running this script phase.\necho \"SUCCESS\" > \"${SCRIPT_OUTPUT_FILE_0}\"\n";
			showEnvVarsInLog = 0;
		};
		7E692B219055896CE319FF5E /* [CP] Check Pods Manifest.lock */ = {
			isa = PBXShellScriptBuildPhase;
			buildActionMask = 2147483647;
			files = (
			);
			inputFileListPaths = (
			);
			inputPaths = (
				"${PODS_PODFILE_DIR_PATH}/Podfile.lock",
				"${PODS_ROOT}/Manifest.lock",
			);
			name = "[CP] Check Pods Manifest.lock";
			outputFileListPaths = (
			);
			outputPaths = (
				"$(DERIVED_FILE_DIR)/Pods-FirebaseAuthentication-FirebaseAuthenticationUITests-checkManifestLockResult.txt",
			);
			runOnlyForDeploymentPostprocessing = 0;
			shellPath = /bin/sh;
			shellScript = "diff \"${PODS_PODFILE_DIR_PATH}/Podfile.lock\" \"${PODS_ROOT}/Manifest.lock\" > /dev/null\nif [ $? != 0 ] ; then\n    # print error to STDERR\n    echo \"error: The sandbox is not in sync with the Podfile.lock. Run 'pod install' or update your CocoaPods installation.\" >&2\n    exit 1\nfi\n# This output is used by Xcode 'outputs' to avoid re-running this script phase.\necho \"SUCCESS\" > \"${SCRIPT_OUTPUT_FILE_0}\"\n";
			showEnvVarsInLog = 0;
		};
		8A049EBFD361EF33FFFE8D48 /* [CP] Embed Pods Frameworks */ = {
			isa = PBXShellScriptBuildPhase;
			buildActionMask = 2147483647;
			files = (
			);
			inputFileListPaths = (
				"${PODS_ROOT}/Target Support Files/Pods-FirebaseAuthentication-FirebaseAuthenticationUITests/Pods-FirebaseAuthentication-FirebaseAuthenticationUITests-frameworks-${CONFIGURATION}-input-files.xcfilelist",
			);
			name = "[CP] Embed Pods Frameworks";
			outputFileListPaths = (
				"${PODS_ROOT}/Target Support Files/Pods-FirebaseAuthentication-FirebaseAuthenticationUITests/Pods-FirebaseAuthentication-FirebaseAuthenticationUITests-frameworks-${CONFIGURATION}-output-files.xcfilelist",
			);
			runOnlyForDeploymentPostprocessing = 0;
			shellPath = /bin/sh;
			shellScript = "\"${PODS_ROOT}/Target Support Files/Pods-FirebaseAuthentication-FirebaseAuthenticationUITests/Pods-FirebaseAuthentication-FirebaseAuthenticationUITests-frameworks.sh\"\n";
			showEnvVarsInLog = 0;
		};
		CDB8B23569F8A8368163DD16 /* [CP] Copy Pods Resources */ = {
			isa = PBXShellScriptBuildPhase;
			buildActionMask = 2147483647;
			files = (
			);
			inputFileListPaths = (
				"${PODS_ROOT}/Target Support Files/Pods-FirebaseAuthentication/Pods-FirebaseAuthentication-resources-${CONFIGURATION}-input-files.xcfilelist",
			);
			name = "[CP] Copy Pods Resources";
			outputFileListPaths = (
				"${PODS_ROOT}/Target Support Files/Pods-FirebaseAuthentication/Pods-FirebaseAuthentication-resources-${CONFIGURATION}-output-files.xcfilelist",
			);
			runOnlyForDeploymentPostprocessing = 0;
			shellPath = /bin/sh;
			shellScript = "\"${PODS_ROOT}/Target Support Files/Pods-FirebaseAuthentication/Pods-FirebaseAuthentication-resources.sh\"\n";
			showEnvVarsInLog = 0;
		};
		F3341FDABC172841016732F5 /* [CP] Copy Pods Resources */ = {
			isa = PBXShellScriptBuildPhase;
			buildActionMask = 2147483647;
			files = (
			);
			inputFileListPaths = (
				"${PODS_ROOT}/Target Support Files/Pods-FirebaseAuthentication-FirebaseAuthenticationUITests/Pods-FirebaseAuthentication-FirebaseAuthenticationUITests-resources-${CONFIGURATION}-input-files.xcfilelist",
			);
			name = "[CP] Copy Pods Resources";
			outputFileListPaths = (
				"${PODS_ROOT}/Target Support Files/Pods-FirebaseAuthentication-FirebaseAuthenticationUITests/Pods-FirebaseAuthentication-FirebaseAuthenticationUITests-resources-${CONFIGURATION}-output-files.xcfilelist",
			);
			runOnlyForDeploymentPostprocessing = 0;
			shellPath = /bin/sh;
			shellScript = "\"${PODS_ROOT}/Target Support Files/Pods-FirebaseAuthentication-FirebaseAuthenticationUITests/Pods-FirebaseAuthentication-FirebaseAuthenticationUITests-resources.sh\"\n";
			showEnvVarsInLog = 0;
		};
/* End PBXShellScriptBuildPhase section */

/* Begin PBXSourcesBuildPhase section */
		5257C2EF27E7093500701C47 /* Sources */ = {
			isa = PBXSourcesBuildPhase;
			buildActionMask = 2147483647;
			files = (
				5257C2F927E7093500701C47 /* ContentView.swift in Sources */,
				5257C2F727E7093500701C47 /* FirebaseAuthenticationApp.swift in Sources */,
			);
			runOnlyForDeploymentPostprocessing = 0;
		};
		5257C2FF27E7093700701C47 /* Sources */ = {
			isa = PBXSourcesBuildPhase;
			buildActionMask = 2147483647;
			files = (
				5257C30827E7093700701C47 /* FirebaseAuthenticationTests.swift in Sources */,
			);
			runOnlyForDeploymentPostprocessing = 0;
		};
		5257C30927E7093700701C47 /* Sources */ = {
			isa = PBXSourcesBuildPhase;
			buildActionMask = 2147483647;
			files = (
				5257C31227E7093700701C47 /* FirebaseAuthenticationUITests.swift in Sources */,
				5257C31427E7093700701C47 /* FirebaseAuthenticationUITestsLaunchTests.swift in Sources */,
			);
			runOnlyForDeploymentPostprocessing = 0;
		};
/* End PBXSourcesBuildPhase section */

/* Begin PBXTargetDependency section */
		5257C30527E7093700701C47 /* PBXTargetDependency */ = {
			isa = PBXTargetDependency;
			target = 5257C2F227E7093500701C47 /* FirebaseAuthentication */;
			targetProxy = 5257C30427E7093700701C47 /* PBXContainerItemProxy */;
		};
		5257C30F27E7093700701C47 /* PBXTargetDependency */ = {
			isa = PBXTargetDependency;
			target = 5257C2F227E7093500701C47 /* FirebaseAuthentication */;
			targetProxy = 5257C30E27E7093700701C47 /* PBXContainerItemProxy */;
		};
/* End PBXTargetDependency section */

/* Begin XCBuildConfiguration section */
		5257C31527E7093700701C47 /* Debug */ = {
			isa = XCBuildConfiguration;
			buildSettings = {
				ALWAYS_SEARCH_USER_PATHS = NO;
				CLANG_ANALYZER_NONNULL = YES;
				CLANG_ANALYZER_NUMBER_OBJECT_CONVERSION = YES_AGGRESSIVE;
				CLANG_CXX_LANGUAGE_STANDARD = "gnu++17";
				CLANG_CXX_LIBRARY = "libc++";
				CLANG_ENABLE_MODULES = YES;
				CLANG_ENABLE_OBJC_ARC = YES;
				CLANG_ENABLE_OBJC_WEAK = YES;
				CLANG_WARN_BLOCK_CAPTURE_AUTORELEASING = YES;
				CLANG_WARN_BOOL_CONVERSION = YES;
				CLANG_WARN_COMMA = YES;
				CLANG_WARN_CONSTANT_CONVERSION = YES;
				CLANG_WARN_DEPRECATED_OBJC_IMPLEMENTATIONS = YES;
				CLANG_WARN_DIRECT_OBJC_ISA_USAGE = YES_ERROR;
				CLANG_WARN_DOCUMENTATION_COMMENTS = YES;
				CLANG_WARN_EMPTY_BODY = YES;
				CLANG_WARN_ENUM_CONVERSION = YES;
				CLANG_WARN_INFINITE_RECURSION = YES;
				CLANG_WARN_INT_CONVERSION = YES;
				CLANG_WARN_NON_LITERAL_NULL_CONVERSION = YES;
				CLANG_WARN_OBJC_IMPLICIT_RETAIN_SELF = YES;
				CLANG_WARN_OBJC_LITERAL_CONVERSION = YES;
				CLANG_WARN_OBJC_ROOT_CLASS = YES_ERROR;
				CLANG_WARN_QUOTED_INCLUDE_IN_FRAMEWORK_HEADER = YES;
				CLANG_WARN_RANGE_LOOP_ANALYSIS = YES;
				CLANG_WARN_STRICT_PROTOTYPES = YES;
				CLANG_WARN_SUSPICIOUS_MOVE = YES;
				CLANG_WARN_UNGUARDED_AVAILABILITY = YES_AGGRESSIVE;
				CLANG_WARN_UNREACHABLE_CODE = YES;
				CLANG_WARN__DUPLICATE_METHOD_MATCH = YES;
				COPY_PHASE_STRIP = NO;
				DEBUG_INFORMATION_FORMAT = dwarf;
				ENABLE_STRICT_OBJC_MSGSEND = YES;
				ENABLE_TESTABILITY = YES;
				GCC_C_LANGUAGE_STANDARD = gnu11;
				GCC_DYNAMIC_NO_PIC = NO;
				GCC_NO_COMMON_BLOCKS = YES;
				GCC_OPTIMIZATION_LEVEL = 0;
				GCC_PREPROCESSOR_DEFINITIONS = (
					"DEBUG=1",
					"$(inherited)",
				);
				GCC_WARN_64_TO_32_BIT_CONVERSION = YES;
				GCC_WARN_ABOUT_RETURN_TYPE = YES_ERROR;
				GCC_WARN_UNDECLARED_SELECTOR = YES;
				GCC_WARN_UNINITIALIZED_AUTOS = YES_AGGRESSIVE;
				GCC_WARN_UNUSED_FUNCTION = YES;
				GCC_WARN_UNUSED_VARIABLE = YES;
				IPHONEOS_DEPLOYMENT_TARGET = 15.0;
				MTL_ENABLE_DEBUG_INFO = INCLUDE_SOURCE;
				MTL_FAST_MATH = YES;
				ONLY_ACTIVE_ARCH = YES;
				SDKROOT = iphoneos;
				SWIFT_ACTIVE_COMPILATION_CONDITIONS = DEBUG;
				SWIFT_OPTIMIZATION_LEVEL = "-Onone";
			};
			name = Debug;
		};
		5257C31627E7093700701C47 /* Release */ = {
			isa = XCBuildConfiguration;
			buildSettings = {
				ALWAYS_SEARCH_USER_PATHS = NO;
				CLANG_ANALYZER_NONNULL = YES;
				CLANG_ANALYZER_NUMBER_OBJECT_CONVERSION = YES_AGGRESSIVE;
				CLANG_CXX_LANGUAGE_STANDARD = "gnu++17";
				CLANG_CXX_LIBRARY = "libc++";
				CLANG_ENABLE_MODULES = YES;
				CLANG_ENABLE_OBJC_ARC = YES;
				CLANG_ENABLE_OBJC_WEAK = YES;
				CLANG_WARN_BLOCK_CAPTURE_AUTORELEASING = YES;
				CLANG_WARN_BOOL_CONVERSION = YES;
				CLANG_WARN_COMMA = YES;
				CLANG_WARN_CONSTANT_CONVERSION = YES;
				CLANG_WARN_DEPRECATED_OBJC_IMPLEMENTATIONS = YES;
				CLANG_WARN_DIRECT_OBJC_ISA_USAGE = YES_ERROR;
				CLANG_WARN_DOCUMENTATION_COMMENTS = YES;
				CLANG_WARN_EMPTY_BODY = YES;
				CLANG_WARN_ENUM_CONVERSION = YES;
				CLANG_WARN_INFINITE_RECURSION = YES;
				CLANG_WARN_INT_CONVERSION = YES;
				CLANG_WARN_NON_LITERAL_NULL_CONVERSION = YES;
				CLANG_WARN_OBJC_IMPLICIT_RETAIN_SELF = YES;
				CLANG_WARN_OBJC_LITERAL_CONVERSION = YES;
				CLANG_WARN_OBJC_ROOT_CLASS = YES_ERROR;
				CLANG_WARN_QUOTED_INCLUDE_IN_FRAMEWORK_HEADER = YES;
				CLANG_WARN_RANGE_LOOP_ANALYSIS = YES;
				CLANG_WARN_STRICT_PROTOTYPES = YES;
				CLANG_WARN_SUSPICIOUS_MOVE = YES;
				CLANG_WARN_UNGUARDED_AVAILABILITY = YES_AGGRESSIVE;
				CLANG_WARN_UNREACHABLE_CODE = YES;
				CLANG_WARN__DUPLICATE_METHOD_MATCH = YES;
				COPY_PHASE_STRIP = NO;
				DEBUG_INFORMATION_FORMAT = "dwarf-with-dsym";
				ENABLE_NS_ASSERTIONS = NO;
				ENABLE_STRICT_OBJC_MSGSEND = YES;
				GCC_C_LANGUAGE_STANDARD = gnu11;
				GCC_NO_COMMON_BLOCKS = YES;
				GCC_WARN_64_TO_32_BIT_CONVERSION = YES;
				GCC_WARN_ABOUT_RETURN_TYPE = YES_ERROR;
				GCC_WARN_UNDECLARED_SELECTOR = YES;
				GCC_WARN_UNINITIALIZED_AUTOS = YES_AGGRESSIVE;
				GCC_WARN_UNUSED_FUNCTION = YES;
				GCC_WARN_UNUSED_VARIABLE = YES;
				IPHONEOS_DEPLOYMENT_TARGET = 15.0;
				MTL_ENABLE_DEBUG_INFO = NO;
				MTL_FAST_MATH = YES;
				SDKROOT = iphoneos;
				SWIFT_COMPILATION_MODE = wholemodule;
				SWIFT_OPTIMIZATION_LEVEL = "-O";
				VALIDATE_PRODUCT = YES;
			};
			name = Release;
		};
		5257C31827E7093700701C47 /* Debug */ = {
			isa = XCBuildConfiguration;
			baseConfigurationReference = 2A58D048E654B72D9D1CBAB1 /* Pods-FirebaseAuthentication.debug.xcconfig */;
			buildSettings = {
				ASSETCATALOG_COMPILER_APPICON_NAME = AppIcon;
				ASSETCATALOG_COMPILER_GLOBAL_ACCENT_COLOR_NAME = AccentColor;
				CODE_SIGN_STYLE = Automatic;
				CURRENT_PROJECT_VERSION = 1;
				DEVELOPMENT_ASSET_PATHS = "\"FirebaseAuthentication/Preview Content\"";
				DEVELOPMENT_TEAM = QP448RJ447;
				ENABLE_PREVIEWS = YES;
				GENERATE_INFOPLIST_FILE = YES;
				INFOPLIST_KEY_UIApplicationSceneManifest_Generation = YES;
				INFOPLIST_KEY_UIApplicationSupportsIndirectInputEvents = YES;
				INFOPLIST_KEY_UILaunchScreen_Generation = YES;
				INFOPLIST_KEY_UISupportedInterfaceOrientations_iPad = "UIInterfaceOrientationPortrait UIInterfaceOrientationPortraitUpsideDown UIInterfaceOrientationLandscapeLeft UIInterfaceOrientationLandscapeRight";
				INFOPLIST_KEY_UISupportedInterfaceOrientations_iPhone = "UIInterfaceOrientationPortrait UIInterfaceOrientationLandscapeLeft UIInterfaceOrientationLandscapeRight";
				LD_RUNPATH_SEARCH_PATHS = (
					"$(inherited)",
					"@executable_path/Frameworks",
				);
				MARKETING_VERSION = 1.0;
				PRODUCT_BUNDLE_IDENTIFIER = NarumichiKubo.FirebaseAuthentication;
				PRODUCT_NAME = "$(TARGET_NAME)";
				SWIFT_EMIT_LOC_STRINGS = YES;
				SWIFT_VERSION = 5.0;
				TARGETED_DEVICE_FAMILY = "1,2";
			};
			name = Debug;
		};
		5257C31927E7093700701C47 /* Release */ = {
			isa = XCBuildConfiguration;
			baseConfigurationReference = 223EADFFC0C12B08F8D2549B /* Pods-FirebaseAuthentication.release.xcconfig */;
			buildSettings = {
				ASSETCATALOG_COMPILER_APPICON_NAME = AppIcon;
				ASSETCATALOG_COMPILER_GLOBAL_ACCENT_COLOR_NAME = AccentColor;
				CODE_SIGN_STYLE = Automatic;
				CURRENT_PROJECT_VERSION = 1;
				DEVELOPMENT_ASSET_PATHS = "\"FirebaseAuthentication/Preview Content\"";
				DEVELOPMENT_TEAM = QP448RJ447;
				ENABLE_PREVIEWS = YES;
				GENERATE_INFOPLIST_FILE = YES;
				INFOPLIST_KEY_UIApplicationSceneManifest_Generation = YES;
				INFOPLIST_KEY_UIApplicationSupportsIndirectInputEvents = YES;
				INFOPLIST_KEY_UILaunchScreen_Generation = YES;
				INFOPLIST_KEY_UISupportedInterfaceOrientations_iPad = "UIInterfaceOrientationPortrait UIInterfaceOrientationPortraitUpsideDown UIInterfaceOrientationLandscapeLeft UIInterfaceOrientationLandscapeRight";
				INFOPLIST_KEY_UISupportedInterfaceOrientations_iPhone = "UIInterfaceOrientationPortrait UIInterfaceOrientationLandscapeLeft UIInterfaceOrientationLandscapeRight";
				LD_RUNPATH_SEARCH_PATHS = (
					"$(inherited)",
					"@executable_path/Frameworks",
				);
				MARKETING_VERSION = 1.0;
				PRODUCT_BUNDLE_IDENTIFIER = NarumichiKubo.FirebaseAuthentication;
				PRODUCT_NAME = "$(TARGET_NAME)";
				SWIFT_EMIT_LOC_STRINGS = YES;
				SWIFT_VERSION = 5.0;
				TARGETED_DEVICE_FAMILY = "1,2";
			};
			name = Release;
		};
		5257C31B27E7093700701C47 /* Debug */ = {
			isa = XCBuildConfiguration;
			baseConfigurationReference = A203E36A4BB5965AA9C13463 /* Pods-FirebaseAuthenticationTests.debug.xcconfig */;
			buildSettings = {
				ALWAYS_EMBED_SWIFT_STANDARD_LIBRARIES = YES;
				BUNDLE_LOADER = "$(TEST_HOST)";
				CODE_SIGN_STYLE = Automatic;
				CURRENT_PROJECT_VERSION = 1;
				DEVELOPMENT_TEAM = QP448RJ447;
				GENERATE_INFOPLIST_FILE = YES;
				IPHONEOS_DEPLOYMENT_TARGET = 15.0;
				LD_RUNPATH_SEARCH_PATHS = (
					"$(inherited)",
					"@executable_path/Frameworks",
					"@loader_path/Frameworks",
				);
				MARKETING_VERSION = 1.0;
				PRODUCT_BUNDLE_IDENTIFIER = NarumichiKubo.FirebaseAuthenticationTests;
				PRODUCT_NAME = "$(TARGET_NAME)";
				SWIFT_EMIT_LOC_STRINGS = NO;
				SWIFT_VERSION = 5.0;
				TARGETED_DEVICE_FAMILY = "1,2";
				TEST_HOST = "$(BUILT_PRODUCTS_DIR)/FirebaseAuthentication.app/FirebaseAuthentication";
			};
			name = Debug;
		};
		5257C31C27E7093700701C47 /* Release */ = {
			isa = XCBuildConfiguration;
			baseConfigurationReference = 43B4B73B42C4B7EE6CE3BFFD /* Pods-FirebaseAuthenticationTests.release.xcconfig */;
			buildSettings = {
				ALWAYS_EMBED_SWIFT_STANDARD_LIBRARIES = YES;
				BUNDLE_LOADER = "$(TEST_HOST)";
				CODE_SIGN_STYLE = Automatic;
				CURRENT_PROJECT_VERSION = 1;
				DEVELOPMENT_TEAM = QP448RJ447;
				GENERATE_INFOPLIST_FILE = YES;
				IPHONEOS_DEPLOYMENT_TARGET = 15.0;
				LD_RUNPATH_SEARCH_PATHS = (
					"$(inherited)",
					"@executable_path/Frameworks",
					"@loader_path/Frameworks",
				);
				MARKETING_VERSION = 1.0;
				PRODUCT_BUNDLE_IDENTIFIER = NarumichiKubo.FirebaseAuthenticationTests;
				PRODUCT_NAME = "$(TARGET_NAME)";
				SWIFT_EMIT_LOC_STRINGS = NO;
				SWIFT_VERSION = 5.0;
				TARGETED_DEVICE_FAMILY = "1,2";
				TEST_HOST = "$(BUILT_PRODUCTS_DIR)/FirebaseAuthentication.app/FirebaseAuthentication";
			};
			name = Release;
		};
		5257C31E27E7093700701C47 /* Debug */ = {
			isa = XCBuildConfiguration;
			baseConfigurationReference = EFC7BD5037751568BA595981 /* Pods-FirebaseAuthentication-FirebaseAuthenticationUITests.debug.xcconfig */;
			buildSettings = {
				ALWAYS_EMBED_SWIFT_STANDARD_LIBRARIES = YES;
				CODE_SIGN_STYLE = Automatic;
				CURRENT_PROJECT_VERSION = 1;
				DEVELOPMENT_TEAM = QP448RJ447;
				GENERATE_INFOPLIST_FILE = YES;
				LD_RUNPATH_SEARCH_PATHS = (
					"$(inherited)",
					"@executable_path/Frameworks",
					"@loader_path/Frameworks",
				);
				MARKETING_VERSION = 1.0;
				PRODUCT_BUNDLE_IDENTIFIER = NarumichiKubo.FirebaseAuthenticationUITests;
				PRODUCT_NAME = "$(TARGET_NAME)";
				SWIFT_EMIT_LOC_STRINGS = NO;
				SWIFT_VERSION = 5.0;
				TARGETED_DEVICE_FAMILY = "1,2";
				TEST_TARGET_NAME = FirebaseAuthentication;
			};
			name = Debug;
		};
		5257C31F27E7093700701C47 /* Release */ = {
			isa = XCBuildConfiguration;
			baseConfigurationReference = E044B44551DB58D918D8F76A /* Pods-FirebaseAuthentication-FirebaseAuthenticationUITests.release.xcconfig */;
			buildSettings = {
				ALWAYS_EMBED_SWIFT_STANDARD_LIBRARIES = YES;
				CODE_SIGN_STYLE = Automatic;
				CURRENT_PROJECT_VERSION = 1;
				DEVELOPMENT_TEAM = QP448RJ447;
				GENERATE_INFOPLIST_FILE = YES;
				LD_RUNPATH_SEARCH_PATHS = (
					"$(inherited)",
					"@executable_path/Frameworks",
					"@loader_path/Frameworks",
				);
				MARKETING_VERSION = 1.0;
				PRODUCT_BUNDLE_IDENTIFIER = NarumichiKubo.FirebaseAuthenticationUITests;
				PRODUCT_NAME = "$(TARGET_NAME)";
				SWIFT_EMIT_LOC_STRINGS = NO;
				SWIFT_VERSION = 5.0;
				TARGETED_DEVICE_FAMILY = "1,2";
				TEST_TARGET_NAME = FirebaseAuthentication;
			};
			name = Release;
		};
/* End XCBuildConfiguration section */

/* Begin XCConfigurationList section */
		5257C2EE27E7093500701C47 /* Build configuration list for PBXProject "FirebaseAuthentication" */ = {
			isa = XCConfigurationList;
			buildConfigurations = (
				5257C31527E7093700701C47 /* Debug */,
				5257C31627E7093700701C47 /* Release */,
			);
			defaultConfigurationIsVisible = 0;
			defaultConfigurationName = Release;
		};
		5257C31727E7093700701C47 /* Build configuration list for PBXNativeTarget "FirebaseAuthentication" */ = {
			isa = XCConfigurationList;
			buildConfigurations = (
				5257C31827E7093700701C47 /* Debug */,
				5257C31927E7093700701C47 /* Release */,
			);
			defaultConfigurationIsVisible = 0;
			defaultConfigurationName = Release;
		};
		5257C31A27E7093700701C47 /* Build configuration list for PBXNativeTarget "FirebaseAuthenticationTests" */ = {
			isa = XCConfigurationList;
			buildConfigurations = (
				5257C31B27E7093700701C47 /* Debug */,
				5257C31C27E7093700701C47 /* Release */,
			);
			defaultConfigurationIsVisible = 0;
			defaultConfigurationName = Release;
		};
		5257C31D27E7093700701C47 /* Build configuration list for PBXNativeTarget "FirebaseAuthenticationUITests" */ = {
			isa = XCConfigurationList;
			buildConfigurations = (
				5257C31E27E7093700701C47 /* Debug */,
				5257C31F27E7093700701C47 /* Release */,
			);
			defaultConfigurationIsVisible = 0;
			defaultConfigurationName = Release;
		};
/* End XCConfigurationList section */
	};
	rootObject = 5257C2EB27E7093500701C47 /* Project object */;
}
